{
  "owner_pid": 14557,
  "started_at_iso": "2026-08-26T04:19:49.806Z",
  "ttl_ms": 300000,
  "last_heartbeat_iso": "2026-08-26T04:19:49.806Z",
  "packet_id": "specs/007-orca-ux-mining",
  "runtime_kind": "main",
  "phase": "running",
  "last_activity_iso": "2026-08-26T04:19:49.806Z",
  "acquire_nonce": "14557-1787717989807-a5431cb7-28b8-4e8d-bedf-08c42cd127e5"
}
